
Microsoft Visual Studio Solution File, Format Version 12.00
Project("{FAE04EC0-301F-11D3-BF4B-00C04F79EFBC}") = "Week1", "Week1\Week1.csproj", "{FE5E1790-3D2C-486D-99B3-9880BE9200F7}"
EndProject
Global
	GlobalSection(SolutionConfigurationPlatforms) = preSolution
		Debug|Any CPU = Debug|Any CPU
		Release|Any CPU = Release|Any CPU
	EndGlobalSection
	GlobalSection(ProjectConfigurationPlatforms) = postSolution
		{FE5E1790-3D2C-486D-99B3-9880BE9200F7}.Debug|Any CPU.ActiveCfg = Debug|Any CPU
		{FE5E1790-3D2C-486D-99B3-9880BE9200F7}.Debug|Any CPU.Build.0 = Debug|Any CPU
		{FE5E1790-3D2C-486D-99B3-9880BE9200F7}.Release|Any CPU.ActiveCfg = Release|Any CPU
		{FE5E1790-3D2C-486D-99B3-9880BE9200F7}.Release|Any CPU.Build.0 = Release|Any CPU
	EndGlobalSection
EndGlobal
